
Microsoft Visual Studio Solution File, Format Version 12.00
# Visual Studio Version 17
VisualStudioVersion = 17.8.34525.116
MinimumVisualStudioVersion = 10.0.40219.1
Project("{FAE04EC0-301F-11D3-BF4B-00C04F79EFBC}") = "QuickApp8.0.Server", "QuickApp8.0.Server\QuickApp8.0.Server.csproj", "{440AA1D1-4FA7-42A7-B659-19F5A683731B}"
EndProject
Project("{54A90642-561A-4BB1-A94E-469ADEE60C69}") = "quickapp8.0.client", "quickapp8.0.client\quickapp8.0.client.esproj", "{A19E9746-5C56-4FD5-AD4D-9BF6FDAE3546}"
EndProject
Global
	GlobalSection(SolutionConfigurationPlatforms) = preSolution
		Debug|Any CPU = Debug|Any CPU
		Release|Any CPU = Release|Any CPU
	EndGlobalSection
	GlobalSection(ProjectConfigurationPlatforms) = postSolution
		{440AA1D1-4FA7-42A7-B659-19F5A683731B}.Debug|Any CPU.ActiveCfg = Debug|Any CPU
		{440AA1D1-4FA7-42A7-B659-19F5A683731B}.Debug|Any CPU.Build.0 = Debug|Any CPU
		{440AA1D1-4FA7-42A7-B659-19F5A683731B}.Release|Any CPU.ActiveCfg = Release|Any CPU
		{440AA1D1-4FA7-42A7-B659-19F5A683731B}.Release|Any CPU.Build.0 = Release|Any CPU
		{A19E9746-5C56-4FD5-AD4D-9BF6FDAE3546}.Debug|Any CPU.ActiveCfg = Debug|Any CPU
		{A19E9746-5C56-4FD5-AD4D-9BF6FDAE3546}.Debug|Any CPU.Build.0 = Debug|Any CPU
		{A19E9746-5C56-4FD5-AD4D-9BF6FDAE3546}.Debug|Any CPU.Deploy.0 = Debug|Any CPU
		{A19E9746-5C56-4FD5-AD4D-9BF6FDAE3546}.Release|Any CPU.ActiveCfg = Release|Any CPU
		{A19E9746-5C56-4FD5-AD4D-9BF6FDAE3546}.Release|Any CPU.Build.0 = Release|Any CPU
		{A19E9746-5C56-4FD5-AD4D-9BF6FDAE3546}.Release|Any CPU.Deploy.0 = Release|Any CPU
	EndGlobalSection
	GlobalSection(SolutionProperties) = preSolution
		HideSolutionNode = FALSE
	EndGlobalSection
	GlobalSection(ExtensibilityGlobals) = postSolution
		SolutionGuid = {468299D2-7D69-4F08-8A97-A137E56C55C9}
	EndGlobalSection
EndGlobal
